
Microsoft Visual Studio Solution File, Format Version 12.00
# Visual Studio Version 17
VisualStudioVersion = 17.4.33213.308
MinimumVisualStudioVersion = 10.0.40219.1
Project("{FAE04EC0-301F-11D3-BF4B-00C04F79EFBC}") = "Bookkeeper", "Bookkeeper\Bookkeeper.csproj", "{30572ED6-D7E7-4BC4-BD06-D3F96B08844E}"
EndProject
Global
	GlobalSection(SolutionConfigurationPlatforms) = preSolution
		Debug|Any CPU = Debug|Any CPU
		Release|Any CPU = Release|Any CPU
	EndGlobalSection
	GlobalSection(ProjectConfigurationPlatforms) = postSolution
		{30572ED6-D7E7-4BC4-BD06-D3F96B08844E}.Debug|Any CPU.ActiveCfg = Debug|Any CPU
		{30572ED6-D7E7-4BC4-BD06-D3F96B08844E}.Debug|Any CPU.Build.0 = Debug|Any CPU
		{30572ED6-D7E7-4BC4-BD06-D3F96B08844E}.Release|Any CPU.ActiveCfg = Release|Any CPU
		{30572ED6-D7E7-4BC4-BD06-D3F96B08844E}.Release|Any CPU.Build.0 = Release|Any CPU
	EndGlobalSection
	GlobalSection(SolutionProperties) = preSolution
		HideSolutionNode = FALSE
	EndGlobalSection
	GlobalSection(ExtensibilityGlobals) = postSolution
		SolutionGuid = {150FBFD6-7436-433C-90C8-0FB4D05796BF}
	EndGlobalSection
EndGlobal
